
Microsoft Visual Studio Solution File, Format Version 12.00
Project("{2150E333-8FDC-42A3-9474-1A3956D46DE8}") = "src", "src", "{6AC349D0-092A-43B9-8EE8-8E25F5E4B1BC}"
EndProject
Project("{2150E333-8FDC-42A3-9474-1A3956D46DE8}") = "tests", "tests", "{B1129489-A172-4E96-9D10-E00A64EB38B1}"
EndProject
Project("{2150E333-8FDC-42A3-9474-1A3956D46DE8}") = "Domain", "Domain", "{9B6BB5FB-F5A8-41C2-B798-CE1B64803BFE}"
EndProject
Project("{2150E333-8FDC-42A3-9474-1A3956D46DE8}") = "Presentation", "Presentation", "{993C3FEA-45B5-4C0C-B569-91566FA84215}"
EndProject
Project("{2150E333-8FDC-42A3-9474-1A3956D46DE8}") = "Services", "Services", "{9C8777C0-2260-407D-903D-E281351AA8EA}"
EndProject
Project("{2150E333-8FDC-42A3-9474-1A3956D46DE8}") = "Shared", "Shared", "{26085DFC-412D-43EF-8D19-693475B2ED81}"
EndProject
Project("{FAE04EC0-301F-11D3-BF4B-00C04F79EFBC}") = "PriceTracker.Domain", "src\Domain\PriceTracker.Domain\PriceTracker.Domain.csproj", "{52523E20-E623-4849-91E4-FA46B09169D7}"
EndProject
Project("{2150E333-8FDC-42A3-9474-1A3956D46DE8}") = "Infrastructure", "Infrastructure", "{0190D45D-5D4F-4199-9A38-3B2F4E419A4F}"
EndProject
Project("{FAE04EC0-301F-11D3-BF4B-00C04F79EFBC}") = "PriceTracker.Infrastructure.Abstractions", "src\Domain\PriceTracker.Infrastructure.Abstractions\PriceTracker.Infrastructure.Abstractions.csproj", "{093E0456-DC17-49F3-A46F-D7DD4CF726DC}"
EndProject
Project("{FAE04EC0-301F-11D3-BF4B-00C04F79EFBC}") = "PriceTracker.Infrastructure.Context", "src\Infrastructure\PriceTracker.Infrastructure.Context\PriceTracker.Infrastructure.Context.csproj", "{24CFB59D-932F-441F-8ED5-1089CA8A5C13}"
EndProject
Project("{FAE04EC0-301F-11D3-BF4B-00C04F79EFBC}") = "PriceTracker.Common", "src\Shared\PriceTracker.Common\PriceTracker.Common.csproj", "{F1EF7FD5-29CB-4DC3-BEC9-FF3E7DC5766A}"
EndProject
Project("{FAE04EC0-301F-11D3-BF4B-00C04F79EFBC}") = "PriceTracker.Bot", "src\Presentation\PriceTracker.Bot\PriceTracker.Bot.csproj", "{A75F5176-1ED5-43C3-8805-5B3D56C751AD}"
EndProject
Project("{FAE04EC0-301F-11D3-BF4B-00C04F79EFBC}") = "PriceTracker.Settings", "src\Shared\PriceTracker.Settings\PriceTracker.Settings.csproj", "{7D35036F-C2D7-4AB5-9648-356643D623FA}"
EndProject
Project("{FAE04EC0-301F-11D3-BF4B-00C04F79EFBC}") = "PriceTracker.BackgroundJob", "src\Infrastructure\PriceTracker.BackgroundJob\PriceTracker.BackgroundJob.csproj", "{76BFE77B-705D-4AA9-9B0B-462236AE593F}"
EndProject
Project("{FAE04EC0-301F-11D3-BF4B-00C04F79EFBC}") = "PriceTracker.Services.User", "src\Services\PriceTracker.Services.User\PriceTracker.Services.User.csproj", "{A89FF85F-5138-4314-BED4-B9250B3E6B3D}"
EndProject
Project("{FAE04EC0-301F-11D3-BF4B-00C04F79EFBC}") = "PriceTracker.Services.Product", "src\Services\PriceTracker.Services.Product\PriceTracker.Services.Product.csproj", "{23D23303-B3DF-48E7-8B69-AEFCA6A7E5D4}"
EndProject
Project("{FAE04EC0-301F-11D3-BF4B-00C04F79EFBC}") = "PriceTracker.Command", "src\Infrastructure\PriceTracker.Command\PriceTracker.Command.csproj", "{568A31D3-F495-42C1-A7C0-8D0652546ACC}"
EndProject
Project("{FAE04EC0-301F-11D3-BF4B-00C04F79EFBC}") = "PriceTracker.Services.Parser", "src\Services\PriceTracker.Services.Parser\PriceTracker.Services.Parser.csproj", "{8F78F755-66AA-44B4-8237-CA6AC77CA91A}"
EndProject
Global
	GlobalSection(SolutionConfigurationPlatforms) = preSolution
		Debug|Any CPU = Debug|Any CPU
		Release|Any CPU = Release|Any CPU
	EndGlobalSection
	GlobalSection(NestedProjects) = preSolution
		{9B6BB5FB-F5A8-41C2-B798-CE1B64803BFE} = {6AC349D0-092A-43B9-8EE8-8E25F5E4B1BC}
		{993C3FEA-45B5-4C0C-B569-91566FA84215} = {6AC349D0-092A-43B9-8EE8-8E25F5E4B1BC}
		{9C8777C0-2260-407D-903D-E281351AA8EA} = {6AC349D0-092A-43B9-8EE8-8E25F5E4B1BC}
		{26085DFC-412D-43EF-8D19-693475B2ED81} = {6AC349D0-092A-43B9-8EE8-8E25F5E4B1BC}
		{52523E20-E623-4849-91E4-FA46B09169D7} = {9B6BB5FB-F5A8-41C2-B798-CE1B64803BFE}
		{0190D45D-5D4F-4199-9A38-3B2F4E419A4F} = {6AC349D0-092A-43B9-8EE8-8E25F5E4B1BC}
		{093E0456-DC17-49F3-A46F-D7DD4CF726DC} = {9B6BB5FB-F5A8-41C2-B798-CE1B64803BFE}
		{24CFB59D-932F-441F-8ED5-1089CA8A5C13} = {0190D45D-5D4F-4199-9A38-3B2F4E419A4F}
		{F1EF7FD5-29CB-4DC3-BEC9-FF3E7DC5766A} = {26085DFC-412D-43EF-8D19-693475B2ED81}
		{A75F5176-1ED5-43C3-8805-5B3D56C751AD} = {993C3FEA-45B5-4C0C-B569-91566FA84215}
		{7D35036F-C2D7-4AB5-9648-356643D623FA} = {26085DFC-412D-43EF-8D19-693475B2ED81}
		{76BFE77B-705D-4AA9-9B0B-462236AE593F} = {0190D45D-5D4F-4199-9A38-3B2F4E419A4F}
		{A89FF85F-5138-4314-BED4-B9250B3E6B3D} = {9C8777C0-2260-407D-903D-E281351AA8EA}
		{23D23303-B3DF-48E7-8B69-AEFCA6A7E5D4} = {9C8777C0-2260-407D-903D-E281351AA8EA}
		{568A31D3-F495-42C1-A7C0-8D0652546ACC} = {0190D45D-5D4F-4199-9A38-3B2F4E419A4F}
		{8F78F755-66AA-44B4-8237-CA6AC77CA91A} = {9C8777C0-2260-407D-903D-E281351AA8EA}
	EndGlobalSection
	GlobalSection(ProjectConfigurationPlatforms) = postSolution
		{52523E20-E623-4849-91E4-FA46B09169D7}.Debug|Any CPU.ActiveCfg = Debug|Any CPU
		{52523E20-E623-4849-91E4-FA46B09169D7}.Debug|Any CPU.Build.0 = Debug|Any CPU
		{52523E20-E623-4849-91E4-FA46B09169D7}.Release|Any CPU.ActiveCfg = Release|Any CPU
		{52523E20-E623-4849-91E4-FA46B09169D7}.Release|Any CPU.Build.0 = Release|Any CPU
		{093E0456-DC17-49F3-A46F-D7DD4CF726DC}.Debug|Any CPU.ActiveCfg = Debug|Any CPU
		{093E0456-DC17-49F3-A46F-D7DD4CF726DC}.Debug|Any CPU.Build.0 = Debug|Any CPU
		{093E0456-DC17-49F3-A46F-D7DD4CF726DC}.Release|Any CPU.ActiveCfg = Release|Any CPU
		{093E0456-DC17-49F3-A46F-D7DD4CF726DC}.Release|Any CPU.Build.0 = Release|Any CPU
		{24CFB59D-932F-441F-8ED5-1089CA8A5C13}.Debug|Any CPU.ActiveCfg = Debug|Any CPU
		{24CFB59D-932F-441F-8ED5-1089CA8A5C13}.Debug|Any CPU.Build.0 = Debug|Any CPU
		{24CFB59D-932F-441F-8ED5-1089CA8A5C13}.Release|Any CPU.ActiveCfg = Release|Any CPU
		{24CFB59D-932F-441F-8ED5-1089CA8A5C13}.Release|Any CPU.Build.0 = Release|Any CPU
		{F1EF7FD5-29CB-4DC3-BEC9-FF3E7DC5766A}.Debug|Any CPU.ActiveCfg = Debug|Any CPU
		{F1EF7FD5-29CB-4DC3-BEC9-FF3E7DC5766A}.Debug|Any CPU.Build.0 = Debug|Any CPU
		{F1EF7FD5-29CB-4DC3-BEC9-FF3E7DC5766A}.Release|Any CPU.ActiveCfg = Release|Any CPU
		{F1EF7FD5-29CB-4DC3-BEC9-FF3E7DC5766A}.Release|Any CPU.Build.0 = Release|Any CPU
		{A75F5176-1ED5-43C3-8805-5B3D56C751AD}.Debug|Any CPU.ActiveCfg = Debug|Any CPU
		{A75F5176-1ED5-43C3-8805-5B3D56C751AD}.Debug|Any CPU.Build.0 = Debug|Any CPU
		{A75F5176-1ED5-43C3-8805-5B3D56C751AD}.Release|Any CPU.ActiveCfg = Release|Any CPU
		{A75F5176-1ED5-43C3-8805-5B3D56C751AD}.Release|Any CPU.Build.0 = Release|Any CPU
		{7D35036F-C2D7-4AB5-9648-356643D623FA}.Debug|Any CPU.ActiveCfg = Debug|Any CPU
		{7D35036F-C2D7-4AB5-9648-356643D623FA}.Debug|Any CPU.Build.0 = Debug|Any CPU
		{7D35036F-C2D7-4AB5-9648-356643D623FA}.Release|Any CPU.ActiveCfg = Release|Any CPU
		{7D35036F-C2D7-4AB5-9648-356643D623FA}.Release|Any CPU.Build.0 = Release|Any CPU
		{76BFE77B-705D-4AA9-9B0B-462236AE593F}.Debug|Any CPU.ActiveCfg = Debug|Any CPU
		{76BFE77B-705D-4AA9-9B0B-462236AE593F}.Debug|Any CPU.Build.0 = Debug|Any CPU
		{76BFE77B-705D-4AA9-9B0B-462236AE593F}.Release|Any CPU.ActiveCfg = Release|Any CPU
		{76BFE77B-705D-4AA9-9B0B-462236AE593F}.Release|Any CPU.Build.0 = Release|Any CPU
		{A89FF85F-5138-4314-BED4-B9250B3E6B3D}.Debug|Any CPU.ActiveCfg = Debug|Any CPU
		{A89FF85F-5138-4314-BED4-B9250B3E6B3D}.Debug|Any CPU.Build.0 = Debug|Any CPU
		{A89FF85F-5138-4314-BED4-B9250B3E6B3D}.Release|Any CPU.ActiveCfg = Release|Any CPU
		{A89FF85F-5138-4314-BED4-B9250B3E6B3D}.Release|Any CPU.Build.0 = Release|Any CPU
		{23D23303-B3DF-48E7-8B69-AEFCA6A7E5D4}.Debug|Any CPU.ActiveCfg = Debug|Any CPU
		{23D23303-B3DF-48E7-8B69-AEFCA6A7E5D4}.Debug|Any CPU.Build.0 = Debug|Any CPU
		{23D23303-B3DF-48E7-8B69-AEFCA6A7E5D4}.Release|Any CPU.ActiveCfg = Release|Any CPU
		{23D23303-B3DF-48E7-8B69-AEFCA6A7E5D4}.Release|Any CPU.Build.0 = Release|Any CPU
		{568A31D3-F495-42C1-A7C0-8D0652546ACC}.Debug|Any CPU.ActiveCfg = Debug|Any CPU
		{568A31D3-F495-42C1-A7C0-8D0652546ACC}.Debug|Any CPU.Build.0 = Debug|Any CPU
		{568A31D3-F495-42C1-A7C0-8D0652546ACC}.Release|Any CPU.ActiveCfg = Release|Any CPU
		{568A31D3-F495-42C1-A7C0-8D0652546ACC}.Release|Any CPU.Build.0 = Release|Any CPU
		{8F78F755-66AA-44B4-8237-CA6AC77CA91A}.Debug|Any CPU.ActiveCfg = Debug|Any CPU
		{8F78F755-66AA-44B4-8237-CA6AC77CA91A}.Debug|Any CPU.Build.0 = Debug|Any CPU
		{8F78F755-66AA-44B4-8237-CA6AC77CA91A}.Release|Any CPU.ActiveCfg = Release|Any CPU
		{8F78F755-66AA-44B4-8237-CA6AC77CA91A}.Release|Any CPU.Build.0 = Release|Any CPU
	EndGlobalSection
EndGlobal
